
Microsoft Visual Studio Solution File, Format Version 12.00
# Visual Studio Version 17
VisualStudioVersion = 17.13.35919.96 d17.13
MinimumVisualStudioVersion = 10.0.40219.1
Project("{FAE04EC0-301F-11D3-BF4B-00C04F79EFBC}") = "lab04_Cuadrosg", "lab04_Cuadrosg\lab04_Cuadrosg.csproj", "{B1EDE41D-69FA-44D3-83A7-EB00058DF7B6}"
EndProject
Global
	GlobalSection(SolutionConfigurationPlatforms) = preSolution
		Debug|Any CPU = Debug|Any CPU
		Release|Any CPU = Release|Any CPU
	EndGlobalSection
	GlobalSection(ProjectConfigurationPlatforms) = postSolution
		{B1EDE41D-69FA-44D3-83A7-EB00058DF7B6}.Debug|Any CPU.ActiveCfg = Debug|Any CPU
		{B1EDE41D-69FA-44D3-83A7-EB00058DF7B6}.Debug|Any CPU.Build.0 = Debug|Any CPU
		{B1EDE41D-69FA-44D3-83A7-EB00058DF7B6}.Release|Any CPU.ActiveCfg = Release|Any CPU
		{B1EDE41D-69FA-44D3-83A7-EB00058DF7B6}.Release|Any CPU.Build.0 = Release|Any CPU
	EndGlobalSection
	GlobalSection(SolutionProperties) = preSolution
		HideSolutionNode = FALSE
	EndGlobalSection
	GlobalSection(ExtensibilityGlobals) = postSolution
		SolutionGuid = {0AA369E3-A2D7-4608-912C-8942ED40B0F2}
	EndGlobalSection
EndGlobal
